
Microsoft Visual Studio Solution File, Format Version 12.00
# Visual Studio Version 17
VisualStudioVersion = 17.5.33414.496
MinimumVisualStudioVersion = 10.0.40219.1
Project("{FAE04EC0-301F-11D3-BF4B-00C04F79EFBC}") = "ParcialEjerEnsaladadeFrutas2024", "ParcialEjerEnsaladadeFrutas2024.csproj", "{1A30A594-FA54-469F-B24D-B456B62C467B}"
EndProject
Global
	GlobalSection(SolutionConfigurationPlatforms) = preSolution
		Debug|Any CPU = Debug|Any CPU
		Release|Any CPU = Release|Any CPU
	EndGlobalSection
	GlobalSection(ProjectConfigurationPlatforms) = postSolution
		{1A30A594-FA54-469F-B24D-B456B62C467B}.Debug|Any CPU.ActiveCfg = Debug|Any CPU
		{1A30A594-FA54-469F-B24D-B456B62C467B}.Debug|Any CPU.Build.0 = Debug|Any CPU
		{1A30A594-FA54-469F-B24D-B456B62C467B}.Release|Any CPU.ActiveCfg = Release|Any CPU
		{1A30A594-FA54-469F-B24D-B456B62C467B}.Release|Any CPU.Build.0 = Release|Any CPU
	EndGlobalSection
	GlobalSection(SolutionProperties) = preSolution
		HideSolutionNode = FALSE
	EndGlobalSection
	GlobalSection(ExtensibilityGlobals) = postSolution
		SolutionGuid = {937454DD-A1D8-443C-83D1-C7043BB2FF13}
	EndGlobalSection
EndGlobal
